{
  "lockfileVersion": 1,
  "workspaces": {
    "": {
      "name": "generator",
      "dependencies": {
        "hono": "^4.3.11",
      },
    },
  },
  "packages": {
    "hono": ["hono@4.8.0", "", {}, "sha512-NoiHrqJxoe1MYXqW+/0/Q4NCizKj2Ivm4KmX8mOSBtw9UJ7KYaOGKkO7csIwO5UlZpfvVRdcgiMb0GGyjEjtcw=="],
  }
}
